
Microsoft Visual Studio Solution File, Format Version 12.00
# Visual Studio Version 16
VisualStudioVersion = 16.0.30503.244
MinimumVisualStudioVersion = 10.0.40219.1
Project("{FAE04EC0-301F-11D3-BF4B-00C04F79EFBC}") = "TP03-PDM.Android", "TP03-PDM\TP03-PDM.Android\TP03-PDM.Android.csproj", "{750D5351-4D02-4CB9-989C-C92C536C427E}"
EndProject
Project("{FAE04EC0-301F-11D3-BF4B-00C04F79EFBC}") = "TP03-PDM", "TP03-PDM\TP03-PDM\TP03-PDM.csproj", "{31623B2F-E250-4AE7-9682-E6E2B9CE3134}"
EndProject
Global
	GlobalSection(SolutionConfigurationPlatforms) = preSolution
		Debug|Any CPU = Debug|Any CPU
		Release|Any CPU = Release|Any CPU
	EndGlobalSection
	GlobalSection(ProjectConfigurationPlatforms) = postSolution
		{750D5351-4D02-4CB9-989C-C92C536C427E}.Debug|Any CPU.ActiveCfg = Debug|Any CPU
		{750D5351-4D02-4CB9-989C-C92C536C427E}.Debug|Any CPU.Build.0 = Debug|Any CPU
		{750D5351-4D02-4CB9-989C-C92C536C427E}.Debug|Any CPU.Deploy.0 = Debug|Any CPU
		{750D5351-4D02-4CB9-989C-C92C536C427E}.Release|Any CPU.ActiveCfg = Release|Any CPU
		{750D5351-4D02-4CB9-989C-C92C536C427E}.Release|Any CPU.Build.0 = Release|Any CPU
		{750D5351-4D02-4CB9-989C-C92C536C427E}.Release|Any CPU.Deploy.0 = Release|Any CPU
		{31623B2F-E250-4AE7-9682-E6E2B9CE3134}.Debug|Any CPU.ActiveCfg = Debug|Any CPU
		{31623B2F-E250-4AE7-9682-E6E2B9CE3134}.Debug|Any CPU.Build.0 = Debug|Any CPU
		{31623B2F-E250-4AE7-9682-E6E2B9CE3134}.Debug|Any CPU.Deploy.0 = Debug|Any CPU
		{31623B2F-E250-4AE7-9682-E6E2B9CE3134}.Release|Any CPU.ActiveCfg = Release|Any CPU
		{31623B2F-E250-4AE7-9682-E6E2B9CE3134}.Release|Any CPU.Build.0 = Release|Any CPU
		{31623B2F-E250-4AE7-9682-E6E2B9CE3134}.Release|Any CPU.Deploy.0 = Release|Any CPU
	EndGlobalSection
	GlobalSection(SolutionProperties) = preSolution
		HideSolutionNode = FALSE
	EndGlobalSection
	GlobalSection(ExtensibilityGlobals) = postSolution
		SolutionGuid = {F420C99D-51C8-4E05-A6D1-8062F7066253}
	EndGlobalSection
EndGlobal
